dependencies:
- name: alloy
  repository: https://grafana.github.io/helm-charts
  version: 0.4.0
- name: alloy
  repository: https://grafana.github.io/helm-charts
  version: 0.4.0
- name: alloy
  repository: https://grafana.github.io/helm-charts
  version: 0.4.0
- name: alloy
  repository: https://grafana.github.io/helm-charts
  version: 0.4.0
- name: kube-state-metrics
  repository: https://prometheus-community.github.io/helm-charts
  version: 5.20.1
- name: prometheus-node-exporter
  repository: https://prometheus-community.github.io/helm-charts
  version: 4.37.0
- name: prometheus-operator-crds
  repository: https://prometheus-community.github.io/helm-charts
  version: 12.0.0
- name: prometheus-windows-exporter
  repository: https://prometheus-community.github.io/helm-charts
  version: 0.3.1
- name: opencost
  repository: https://opencost.github.io/opencost-helm-chart
  version: 1.39.0
digest: sha256:b9c710d71c1575dba3a71eeb196a0e492d3ff3c44a1a5751372c2db8294345e7
generated: "2024-07-01T00:21:19.357002044Z"
