dependencies:
- name: alloy
  repository: https://grafana.github.io/helm-charts
  version: 0.4.0
- name: alloy
  repository: https://grafana.github.io/helm-charts
  version: 0.4.0
- name: alloy
  repository: https://grafana.github.io/helm-charts
  version: 0.4.0
- name: alloy
  repository: https://grafana.github.io/helm-charts
  version: 0.4.0
- name: kube-state-metrics
  repository: https://prometheus-community.github.io/helm-charts
  version: 5.20.1
- name: prometheus-node-exporter
  repository: https://prometheus-community.github.io/helm-charts
  version: 4.36.0
- name: prometheus-operator-crds
  repository: https://prometheus-community.github.io/helm-charts
  version: 12.0.0
- name: prometheus-windows-exporter
  repository: https://prometheus-community.github.io/helm-charts
  version: 0.3.1
- name: opencost
  repository: https://opencost.github.io/opencost-helm-chart
  version: 1.40.0
digest: sha256:08a68aa7a8a711563c0be399a109a2223a135a871a3407522723697ea34475ef
generated: "2024-07-01T00:21:17.684279809Z"
