dependencies:
- name: alloy
  repository: https://grafana.github.io/helm-charts
  version: 0.1.1
- name: alloy
  repository: https://grafana.github.io/helm-charts
  version: 0.1.1
- name: alloy
  repository: https://grafana.github.io/helm-charts
  version: 0.1.1
- name: alloy
  repository: https://grafana.github.io/helm-charts
  version: 0.1.1
- name: kube-state-metrics
  repository: https://prometheus-community.github.io/helm-charts
  version: 5.19.0
- name: prometheus-node-exporter
  repository: https://prometheus-community.github.io/helm-charts
  version: 4.34.0
- name: prometheus-operator-crds
  repository: https://prometheus-community.github.io/helm-charts
  version: 11.0.0
- name: prometheus-windows-exporter
  repository: https://prometheus-community.github.io/helm-charts
  version: 0.3.1
- name: opencost
  repository: https://opencost.github.io/opencost-helm-chart
  version: 1.35.0
- name: beyla
  repository: https://grafana.github.io/helm-charts
  version: 1.0.0
digest: sha256:cb9f7ac946949c4e9493843fd6a439182f57a4b9ffd178dcd8b03486821790fc
generated: "2024-05-07T12:18:44.422292-05:00"
